
Microsoft Visual Studio Solution File, Format Version 12.00
# Visual Studio Version 16
Project("{8BC9CEB8-8B4A-11D0-8D11-00A0C91BC942}") = "ALL_BUILD", "ALL_BUILD.vcxproj", "{4E221DF4-2FF5-310C-8384-467605B3642E}"
	ProjectSection(ProjectDependencies) = postProject
		{D74E28A0-374D-3A37-B81E-76D2FF9733D3} = {D74E28A0-374D-3A37-B81E-76D2FF9733D3}
		{3A36DDD4-6364-31C0-8FB6-3D68F4C85728} = {3A36DDD4-6364-31C0-8FB6-3D68F4C85728}
		{55741CDA-90EF-37DF-824C-CD001E9A1E4C} = {55741CDA-90EF-37DF-824C-CD001E9A1E4C}
		{D319DB39-9180-37D0-B3D7-49259D9EC51E} = {D319DB39-9180-37D0-B3D7-49259D9EC51E}
	EndProjectSection
EndProject
Project("{8BC9CEB8-8B4A-11D0-8D11-00A0C91BC942}") = "INSTALL", "INSTALL.vcxproj", "{47C6AB54-A7AC-3CA7-95EF-8CEEA3DA70A3}"
	ProjectSection(ProjectDependencies) = postProject
		{4E221DF4-2FF5-310C-8384-467605B3642E} = {4E221DF4-2FF5-310C-8384-467605B3642E}
		{D319DB39-9180-37D0-B3D7-49259D9EC51E} = {D319DB39-9180-37D0-B3D7-49259D9EC51E}
	EndProjectSection
EndProject
Project("{8BC9CEB8-8B4A-11D0-8D11-00A0C91BC942}") = "PACKAGE", "PACKAGE.vcxproj", "{A2B5F39E-9301-3048-B5F7-40CF57C817AB}"
	ProjectSection(ProjectDependencies) = postProject
		{4E221DF4-2FF5-310C-8384-467605B3642E} = {4E221DF4-2FF5-310C-8384-467605B3642E}
		{D319DB39-9180-37D0-B3D7-49259D9EC51E} = {D319DB39-9180-37D0-B3D7-49259D9EC51E}
	EndProjectSection
EndProject
Project("{8BC9CEB8-8B4A-11D0-8D11-00A0C91BC942}") = "SDL3-docs", "SDL3-docs.vcxproj", "{D74E28A0-374D-3A37-B81E-76D2FF9733D3}"
	ProjectSection(ProjectDependencies) = postProject
		{D319DB39-9180-37D0-B3D7-49259D9EC51E} = {D319DB39-9180-37D0-B3D7-49259D9EC51E}
	EndProjectSection
EndProject
Project("{8BC9CEB8-8B4A-11D0-8D11-00A0C91BC942}") = "SDL3-static", "SDL3-static.vcxproj", "{3A36DDD4-6364-31C0-8FB6-3D68F4C85728}"
	ProjectSection(ProjectDependencies) = postProject
		{D319DB39-9180-37D0-B3D7-49259D9EC51E} = {D319DB39-9180-37D0-B3D7-49259D9EC51E}
	EndProjectSection
EndProject
Project("{8BC9CEB8-8B4A-11D0-8D11-00A0C91BC942}") = "SDL3_test", "SDL3_test.vcxproj", "{55741CDA-90EF-37DF-824C-CD001E9A1E4C}"
	ProjectSection(ProjectDependencies) = postProject
		{D319DB39-9180-37D0-B3D7-49259D9EC51E} = {D319DB39-9180-37D0-B3D7-49259D9EC51E}
	EndProjectSection
EndProject
Project("{8BC9CEB8-8B4A-11D0-8D11-00A0C91BC942}") = "ZERO_CHECK", "ZERO_CHECK.vcxproj", "{D319DB39-9180-37D0-B3D7-49259D9EC51E}"
	ProjectSection(ProjectDependencies) = postProject
	EndProjectSection
EndProject
Project("{8BC9CEB8-8B4A-11D0-8D11-00A0C91BC942}") = "uninstall", "uninstall.vcxproj", "{192357B7-BA98-327D-8CD8-874B61359019}"
	ProjectSection(ProjectDependencies) = postProject
		{D319DB39-9180-37D0-B3D7-49259D9EC51E} = {D319DB39-9180-37D0-B3D7-49259D9EC51E}
	EndProjectSection
EndProject
Global
	GlobalSection(SolutionConfigurationPlatforms) = preSolution
		Debug|x64 = Debug|x64
		Release|x64 = Release|x64
		MinSizeRel|x64 = MinSizeRel|x64
		RelWithDebInfo|x64 = RelWithDebInfo|x64
	EndGlobalSection
	GlobalSection(ProjectConfigurationPlatforms) = postSolution
		{4E221DF4-2FF5-310C-8384-467605B3642E}.Debug|x64.ActiveCfg = Debug|x64
		{4E221DF4-2FF5-310C-8384-467605B3642E}.Debug|x64.Build.0 = Debug|x64
		{4E221DF4-2FF5-310C-8384-467605B3642E}.Release|x64.ActiveCfg = Release|x64
		{4E221DF4-2FF5-310C-8384-467605B3642E}.Release|x64.Build.0 = Release|x64
		{4E221DF4-2FF5-310C-8384-467605B3642E}.MinSizeRel|x64.ActiveCfg = MinSizeRel|x64
		{4E221DF4-2FF5-310C-8384-467605B3642E}.MinSizeRel|x64.Build.0 = MinSizeRel|x64
		{4E221DF4-2FF5-310C-8384-467605B3642E}.RelWithDebInfo|x64.ActiveCfg = RelWithDebInfo|x64
		{4E221DF4-2FF5-310C-8384-467605B3642E}.RelWithDebInfo|x64.Build.0 = RelWithDebInfo|x64
		{47C6AB54-A7AC-3CA7-95EF-8CEEA3DA70A3}.Debug|x64.ActiveCfg = Debug|x64
		{47C6AB54-A7AC-3CA7-95EF-8CEEA3DA70A3}.Release|x64.ActiveCfg = Release|x64
		{47C6AB54-A7AC-3CA7-95EF-8CEEA3DA70A3}.MinSizeRel|x64.ActiveCfg = MinSizeRel|x64
		{47C6AB54-A7AC-3CA7-95EF-8CEEA3DA70A3}.RelWithDebInfo|x64.ActiveCfg = RelWithDebInfo|x64
		{A2B5F39E-9301-3048-B5F7-40CF57C817AB}.Debug|x64.ActiveCfg = Debug|x64
		{A2B5F39E-9301-3048-B5F7-40CF57C817AB}.Release|x64.ActiveCfg = Release|x64
		{A2B5F39E-9301-3048-B5F7-40CF57C817AB}.MinSizeRel|x64.ActiveCfg = MinSizeRel|x64
		{A2B5F39E-9301-3048-B5F7-40CF57C817AB}.RelWithDebInfo|x64.ActiveCfg = RelWithDebInfo|x64
		{D74E28A0-374D-3A37-B81E-76D2FF9733D3}.Debug|x64.ActiveCfg = Debug|x64
		{D74E28A0-374D-3A37-B81E-76D2FF9733D3}.Debug|x64.Build.0 = Debug|x64
		{D74E28A0-374D-3A37-B81E-76D2FF9733D3}.Release|x64.ActiveCfg = Release|x64
		{D74E28A0-374D-3A37-B81E-76D2FF9733D3}.Release|x64.Build.0 = Release|x64
		{D74E28A0-374D-3A37-B81E-76D2FF9733D3}.MinSizeRel|x64.ActiveCfg = MinSizeRel|x64
		{D74E28A0-374D-3A37-B81E-76D2FF9733D3}.MinSizeRel|x64.Build.0 = MinSizeRel|x64
		{D74E28A0-374D-3A37-B81E-76D2FF9733D3}.RelWithDebInfo|x64.ActiveCfg = RelWithDebInfo|x64
		{D74E28A0-374D-3A37-B81E-76D2FF9733D3}.RelWithDebInfo|x64.Build.0 = RelWithDebInfo|x64
		{3A36DDD4-6364-31C0-8FB6-3D68F4C85728}.Debug|x64.ActiveCfg = Debug|x64
		{3A36DDD4-6364-31C0-8FB6-3D68F4C85728}.Debug|x64.Build.0 = Debug|x64
		{3A36DDD4-6364-31C0-8FB6-3D68F4C85728}.Release|x64.ActiveCfg = Release|x64
		{3A36DDD4-6364-31C0-8FB6-3D68F4C85728}.Release|x64.Build.0 = Release|x64
		{3A36DDD4-6364-31C0-8FB6-3D68F4C85728}.MinSizeRel|x64.ActiveCfg = MinSizeRel|x64
		{3A36DDD4-6364-31C0-8FB6-3D68F4C85728}.MinSizeRel|x64.Build.0 = MinSizeRel|x64
		{3A36DDD4-6364-31C0-8FB6-3D68F4C85728}.RelWithDebInfo|x64.ActiveCfg = RelWithDebInfo|x64
		{3A36DDD4-6364-31C0-8FB6-3D68F4C85728}.RelWithDebInfo|x64.Build.0 = RelWithDebInfo|x64
		{55741CDA-90EF-37DF-824C-CD001E9A1E4C}.Debug|x64.ActiveCfg = Debug|x64
		{55741CDA-90EF-37DF-824C-CD001E9A1E4C}.Debug|x64.Build.0 = Debug|x64
		{55741CDA-90EF-37DF-824C-CD001E9A1E4C}.Release|x64.ActiveCfg = Release|x64
		{55741CDA-90EF-37DF-824C-CD001E9A1E4C}.Release|x64.Build.0 = Release|x64
		{55741CDA-90EF-37DF-824C-CD001E9A1E4C}.MinSizeRel|x64.ActiveCfg = MinSizeRel|x64
		{55741CDA-90EF-37DF-824C-CD001E9A1E4C}.MinSizeRel|x64.Build.0 = MinSizeRel|x64
		{55741CDA-90EF-37DF-824C-CD001E9A1E4C}.RelWithDebInfo|x64.ActiveCfg = RelWithDebInfo|x64
		{55741CDA-90EF-37DF-824C-CD001E9A1E4C}.RelWithDebInfo|x64.Build.0 = RelWithDebInfo|x64
		{D319DB39-9180-37D0-B3D7-49259D9EC51E}.Debug|x64.ActiveCfg = Debug|x64
		{D319DB39-9180-37D0-B3D7-49259D9EC51E}.Debug|x64.Build.0 = Debug|x64
		{D319DB39-9180-37D0-B3D7-49259D9EC51E}.Release|x64.ActiveCfg = Release|x64
		{D319DB39-9180-37D0-B3D7-49259D9EC51E}.Release|x64.Build.0 = Release|x64
		{D319DB39-9180-37D0-B3D7-49259D9EC51E}.MinSizeRel|x64.ActiveCfg = MinSizeRel|x64
		{D319DB39-9180-37D0-B3D7-49259D9EC51E}.MinSizeRel|x64.Build.0 = MinSizeRel|x64
		{D319DB39-9180-37D0-B3D7-49259D9EC51E}.RelWithDebInfo|x64.ActiveCfg = RelWithDebInfo|x64
		{D319DB39-9180-37D0-B3D7-49259D9EC51E}.RelWithDebInfo|x64.Build.0 = RelWithDebInfo|x64
		{192357B7-BA98-327D-8CD8-874B61359019}.Debug|x64.ActiveCfg = Debug|x64
		{192357B7-BA98-327D-8CD8-874B61359019}.Release|x64.ActiveCfg = Release|x64
		{192357B7-BA98-327D-8CD8-874B61359019}.MinSizeRel|x64.ActiveCfg = MinSizeRel|x64
		{192357B7-BA98-327D-8CD8-874B61359019}.RelWithDebInfo|x64.ActiveCfg = RelWithDebInfo|x64
	EndGlobalSection
	GlobalSection(ExtensibilityGlobals) = postSolution
		SolutionGuid = {6C56389F-463B-3A6C-9A2B-E3C15C8994CA}
	EndGlobalSection
	GlobalSection(ExtensibilityAddIns) = postSolution
	EndGlobalSection
EndGlobal
